
Microsoft Visual Studio Solution File, Format Version 12.00
# Visual Studio Version 17
VisualStudioVersion = 17.7.34202.233
MinimumVisualStudioVersion = 10.0.40219.1
Project("{FAE04EC0-301F-11D3-BF4B-00C04F79EFBC}") = "Rent", "Rent\Rent.csproj", "{DE153FFA-2378-42E9-977D-E8EB48323045}"
EndProject
Project("{2150E333-8FDC-42A3-9474-1A3956D46DE8}") = "Models", "Models", "{2F12B190-D516-4012-B1F4-024C0FA2C86F}"
EndProject
Global
	GlobalSection(SolutionConfigurationPlatforms) = preSolution
		Debug|Any CPU = Debug|Any CPU
		Release|Any CPU = Release|Any CPU
	EndGlobalSection
	GlobalSection(ProjectConfigurationPlatforms) = postSolution
		{DE153FFA-2378-42E9-977D-E8EB48323045}.Debug|Any CPU.ActiveCfg = Debug|Any CPU
		{DE153FFA-2378-42E9-977D-E8EB48323045}.Debug|Any CPU.Build.0 = Debug|Any CPU
		{DE153FFA-2378-42E9-977D-E8EB48323045}.Release|Any CPU.ActiveCfg = Release|Any CPU
		{DE153FFA-2378-42E9-977D-E8EB48323045}.Release|Any CPU.Build.0 = Release|Any CPU
	EndGlobalSection
	GlobalSection(SolutionProperties) = preSolution
		HideSolutionNode = FALSE
	EndGlobalSection
	GlobalSection(ExtensibilityGlobals) = postSolution
		SolutionGuid = {053D15EF-959E-4A0E-8F92-31ECF6C1C239}
	EndGlobalSection
EndGlobal
